
Microsoft Visual Studio Solution File, Format Version 10.00
# Visual Studio 2008
Project("{8BC9CEB8-8B4A-11D0-8D11-00A0C91BC942}") = "core", "core\core.vcproj", "{4CAD7171-92D5-4C1B-B269-C747866025C4}"
	ProjectSection(ProjectDependencies) = postProject
		{9847106F-0A89-4307-AD99-BF0F8B20516C} = {9847106F-0A89-4307-AD99-BF0F8B20516C}
		{488733F9-7B02-4B60-B908-BEB74EFA43D1} = {488733F9-7B02-4B60-B908-BEB74EFA43D1}
	EndProjectSection
EndProject
Project("{2150E333-8FDC-42A3-9474-1A3956D46DE8}") = "Core", "Core", "{CBD35502-72B1-4252-B4E8-2C75AF278C36}"
EndProject
Project("{2150E333-8FDC-42A3-9474-1A3956D46DE8}") = "Engine", "Engine", "{347FD4E8-EFF0-4BB8-8CC3-08F8F91114F5}"
EndProject
Project("{8BC9CEB8-8B4A-11D0-8D11-00A0C91BC942}") = "library", "core\library\library.vcproj", "{9847106F-0A89-4307-AD99-BF0F8B20516C}"
EndProject
Project("{8BC9CEB8-8B4A-11D0-8D11-00A0C91BC942}") = "lua", "core\lua\lua.vcproj", "{488733F9-7B02-4B60-B908-BEB74EFA43D1}"
EndProject
Project("{8BC9CEB8-8B4A-11D0-8D11-00A0C91BC942}") = "navy", "navy\navy.vcproj", "{DBEBC923-521C-4268-A4F1-00DA89E83BA6}"
	ProjectSection(ProjectDependencies) = postProject
		{9847106F-0A89-4307-AD99-BF0F8B20516C} = {9847106F-0A89-4307-AD99-BF0F8B20516C}
		{4CAD7171-92D5-4C1B-B269-C747866025C4} = {4CAD7171-92D5-4C1B-B269-C747866025C4}
		{488733F9-7B02-4B60-B908-BEB74EFA43D1} = {488733F9-7B02-4B60-B908-BEB74EFA43D1}
	EndProjectSection
EndProject
Global
	GlobalSection(SolutionConfigurationPlatforms) = preSolution
		Debug Lib|Win32 = Debug Lib|Win32
		Debug|Win32 = Debug|Win32
		Release Lib|Win32 = Release Lib|Win32
		Release|Win32 = Release|Win32
	EndGlobalSection
	GlobalSection(ProjectConfigurationPlatforms) = postSolution
		{4CAD7171-92D5-4C1B-B269-C747866025C4}.Debug Lib|Win32.ActiveCfg = Debug Lib|Win32
		{4CAD7171-92D5-4C1B-B269-C747866025C4}.Debug Lib|Win32.Build.0 = Debug Lib|Win32
		{4CAD7171-92D5-4C1B-B269-C747866025C4}.Debug|Win32.ActiveCfg = Debug|Win32
		{4CAD7171-92D5-4C1B-B269-C747866025C4}.Debug|Win32.Build.0 = Debug|Win32
		{4CAD7171-92D5-4C1B-B269-C747866025C4}.Release Lib|Win32.ActiveCfg = Release Lib|Win32
		{4CAD7171-92D5-4C1B-B269-C747866025C4}.Release Lib|Win32.Build.0 = Release Lib|Win32
		{4CAD7171-92D5-4C1B-B269-C747866025C4}.Release|Win32.ActiveCfg = Release|Win32
		{4CAD7171-92D5-4C1B-B269-C747866025C4}.Release|Win32.Build.0 = Release|Win32
		{9847106F-0A89-4307-AD99-BF0F8B20516C}.Debug Lib|Win32.ActiveCfg = Debug|Win32
		{9847106F-0A89-4307-AD99-BF0F8B20516C}.Debug Lib|Win32.Build.0 = Debug|Win32
		{9847106F-0A89-4307-AD99-BF0F8B20516C}.Debug|Win32.ActiveCfg = Debug|Win32
		{9847106F-0A89-4307-AD99-BF0F8B20516C}.Debug|Win32.Build.0 = Debug|Win32
		{9847106F-0A89-4307-AD99-BF0F8B20516C}.Release Lib|Win32.ActiveCfg = Release|Win32
		{9847106F-0A89-4307-AD99-BF0F8B20516C}.Release Lib|Win32.Build.0 = Release|Win32
		{9847106F-0A89-4307-AD99-BF0F8B20516C}.Release|Win32.ActiveCfg = Release|Win32
		{9847106F-0A89-4307-AD99-BF0F8B20516C}.Release|Win32.Build.0 = Release|Win32
		{488733F9-7B02-4B60-B908-BEB74EFA43D1}.Debug Lib|Win32.ActiveCfg = Debug Lib|Win32
		{488733F9-7B02-4B60-B908-BEB74EFA43D1}.Debug Lib|Win32.Build.0 = Debug Lib|Win32
		{488733F9-7B02-4B60-B908-BEB74EFA43D1}.Debug|Win32.ActiveCfg = Debug|Win32
		{488733F9-7B02-4B60-B908-BEB74EFA43D1}.Debug|Win32.Build.0 = Debug|Win32
		{488733F9-7B02-4B60-B908-BEB74EFA43D1}.Release Lib|Win32.ActiveCfg = Release Lib|Win32
		{488733F9-7B02-4B60-B908-BEB74EFA43D1}.Release Lib|Win32.Build.0 = Release Lib|Win32
		{488733F9-7B02-4B60-B908-BEB74EFA43D1}.Release|Win32.ActiveCfg = Release|Win32
		{488733F9-7B02-4B60-B908-BEB74EFA43D1}.Release|Win32.Build.0 = Release|Win32
		{DBEBC923-521C-4268-A4F1-00DA89E83BA6}.Debug Lib|Win32.ActiveCfg = Debug|Win32
		{DBEBC923-521C-4268-A4F1-00DA89E83BA6}.Debug Lib|Win32.Build.0 = Debug|Win32
		{DBEBC923-521C-4268-A4F1-00DA89E83BA6}.Debug|Win32.ActiveCfg = Debug|Win32
		{DBEBC923-521C-4268-A4F1-00DA89E83BA6}.Debug|Win32.Build.0 = Debug|Win32
		{DBEBC923-521C-4268-A4F1-00DA89E83BA6}.Release Lib|Win32.ActiveCfg = Release|Win32
		{DBEBC923-521C-4268-A4F1-00DA89E83BA6}.Release Lib|Win32.Build.0 = Release|Win32
		{DBEBC923-521C-4268-A4F1-00DA89E83BA6}.Release|Win32.ActiveCfg = Release|Win32
		{DBEBC923-521C-4268-A4F1-00DA89E83BA6}.Release|Win32.Build.0 = Release|Win32
	EndGlobalSection
	GlobalSection(SolutionProperties) = preSolution
		HideSolutionNode = FALSE
	EndGlobalSection
	GlobalSection(NestedProjects) = preSolution
		{4CAD7171-92D5-4C1B-B269-C747866025C4} = {CBD35502-72B1-4252-B4E8-2C75AF278C36}
		{9847106F-0A89-4307-AD99-BF0F8B20516C} = {CBD35502-72B1-4252-B4E8-2C75AF278C36}
		{488733F9-7B02-4B60-B908-BEB74EFA43D1} = {CBD35502-72B1-4252-B4E8-2C75AF278C36}
	EndGlobalSection
EndGlobal
