
Microsoft Visual Studio Solution File, Format Version 10.00
# Visual Studio 2008
Project("{8BC9CEB8-8B4A-11D0-8D11-00A0C91BC942}") = "core", "core\core.vcproj", "{7C238D30-3956-4B4A-968D-CD34B95BC43B}"
	ProjectSection(ProjectDependencies) = postProject
		{2AEDF96D-9A16-45CD-BBF6-C4F1680DA26E} = {2AEDF96D-9A16-45CD-BBF6-C4F1680DA26E}
		{488733F9-7B02-4B60-B908-BEB74EFA43D1} = {488733F9-7B02-4B60-B908-BEB74EFA43D1}
	EndProjectSection
EndProject
Project("{2150E333-8FDC-42A3-9474-1A3956D46DE8}") = "Core", "Core", "{CBD35502-72B1-4252-B4E8-2C75AF278C36}"
EndProject
Project("{2150E333-8FDC-42A3-9474-1A3956D46DE8}") = "Engine", "Engine", "{347FD4E8-EFF0-4BB8-8CC3-08F8F91114F5}"
EndProject
Project("{8BC9CEB8-8B4A-11D0-8D11-00A0C91BC942}") = "lua", "core\lua\lua.vcproj", "{488733F9-7B02-4B60-B908-BEB74EFA43D1}"
EndProject
Project("{8BC9CEB8-8B4A-11D0-8D11-00A0C91BC942}") = "navy", "navy\navy.vcproj", "{DBEBC923-521C-4268-A4F1-00DA89E83BA6}"
	ProjectSection(ProjectDependencies) = postProject
		{7C238D30-3956-4B4A-968D-CD34B95BC43B} = {7C238D30-3956-4B4A-968D-CD34B95BC43B}
		{13B25E85-A87A-4F1E-92D8-C552171B0C87} = {13B25E85-A87A-4F1E-92D8-C552171B0C87}
		{488733F9-7B02-4B60-B908-BEB74EFA43D1} = {488733F9-7B02-4B60-B908-BEB74EFA43D1}
	EndProjectSection
EndProject
Project("{8BC9CEB8-8B4A-11D0-8D11-00A0C91BC942}") = "scivis", "scivis\scivis.vcproj", "{13B25E85-A87A-4F1E-92D8-C552171B0C87}"
	ProjectSection(ProjectDependencies) = postProject
		{7C238D30-3956-4B4A-968D-CD34B95BC43B} = {7C238D30-3956-4B4A-968D-CD34B95BC43B}
		{488733F9-7B02-4B60-B908-BEB74EFA43D1} = {488733F9-7B02-4B60-B908-BEB74EFA43D1}
	EndProjectSection
EndProject
Project("{8BC9CEB8-8B4A-11D0-8D11-00A0C91BC942}") = "zlib", "core\zlib\zlib.vcproj", "{2AEDF96D-9A16-45CD-BBF6-C4F1680DA26E}"
EndProject
Project("{8BC9CEB8-8B4A-11D0-8D11-00A0C91BC942}") = "glnavy", "glnavy\glnavy.vcproj", "{6C78BD14-912E-4AA7-A348-2CA8D7F06DF7}"
	ProjectSection(ProjectDependencies) = postProject
		{7C238D30-3956-4B4A-968D-CD34B95BC43B} = {7C238D30-3956-4B4A-968D-CD34B95BC43B}
		{488733F9-7B02-4B60-B908-BEB74EFA43D1} = {488733F9-7B02-4B60-B908-BEB74EFA43D1}
	EndProjectSection
EndProject
Global
	GlobalSection(SolutionConfigurationPlatforms) = preSolution
		Debug|Win32 = Debug|Win32
		Release|Win32 = Release|Win32
	EndGlobalSection
	GlobalSection(ProjectConfigurationPlatforms) = postSolution
		{7C238D30-3956-4B4A-968D-CD34B95BC43B}.Debug|Win32.ActiveCfg = Debug|Win32
		{7C238D30-3956-4B4A-968D-CD34B95BC43B}.Debug|Win32.Build.0 = Debug|Win32
		{7C238D30-3956-4B4A-968D-CD34B95BC43B}.Release|Win32.ActiveCfg = Release|Win32
		{7C238D30-3956-4B4A-968D-CD34B95BC43B}.Release|Win32.Build.0 = Release|Win32
		{488733F9-7B02-4B60-B908-BEB74EFA43D1}.Debug|Win32.ActiveCfg = Debug|Win32
		{488733F9-7B02-4B60-B908-BEB74EFA43D1}.Debug|Win32.Build.0 = Debug|Win32
		{488733F9-7B02-4B60-B908-BEB74EFA43D1}.Release|Win32.ActiveCfg = Release|Win32
		{488733F9-7B02-4B60-B908-BEB74EFA43D1}.Release|Win32.Build.0 = Release|Win32
		{DBEBC923-521C-4268-A4F1-00DA89E83BA6}.Debug|Win32.ActiveCfg = Debug|Win32
		{DBEBC923-521C-4268-A4F1-00DA89E83BA6}.Debug|Win32.Build.0 = Debug|Win32
		{DBEBC923-521C-4268-A4F1-00DA89E83BA6}.Release|Win32.ActiveCfg = Release|Win32
		{DBEBC923-521C-4268-A4F1-00DA89E83BA6}.Release|Win32.Build.0 = Release|Win32
		{13B25E85-A87A-4F1E-92D8-C552171B0C87}.Debug|Win32.ActiveCfg = Debug|Win32
		{13B25E85-A87A-4F1E-92D8-C552171B0C87}.Debug|Win32.Build.0 = Debug|Win32
		{13B25E85-A87A-4F1E-92D8-C552171B0C87}.Release|Win32.ActiveCfg = Release|Win32
		{13B25E85-A87A-4F1E-92D8-C552171B0C87}.Release|Win32.Build.0 = Release|Win32
		{2AEDF96D-9A16-45CD-BBF6-C4F1680DA26E}.Debug|Win32.ActiveCfg = Debug|Win32
		{2AEDF96D-9A16-45CD-BBF6-C4F1680DA26E}.Debug|Win32.Build.0 = Debug|Win32
		{2AEDF96D-9A16-45CD-BBF6-C4F1680DA26E}.Release|Win32.ActiveCfg = Release|Win32
		{2AEDF96D-9A16-45CD-BBF6-C4F1680DA26E}.Release|Win32.Build.0 = Release|Win32
		{6C78BD14-912E-4AA7-A348-2CA8D7F06DF7}.Debug|Win32.ActiveCfg = Debug|Win32
		{6C78BD14-912E-4AA7-A348-2CA8D7F06DF7}.Release|Win32.ActiveCfg = Release|Win32
	EndGlobalSection
	GlobalSection(SolutionProperties) = preSolution
		HideSolutionNode = FALSE
	EndGlobalSection
	GlobalSection(NestedProjects) = preSolution
		{7C238D30-3956-4B4A-968D-CD34B95BC43B} = {CBD35502-72B1-4252-B4E8-2C75AF278C36}
		{488733F9-7B02-4B60-B908-BEB74EFA43D1} = {CBD35502-72B1-4252-B4E8-2C75AF278C36}
		{2AEDF96D-9A16-45CD-BBF6-C4F1680DA26E} = {CBD35502-72B1-4252-B4E8-2C75AF278C36}
	EndGlobalSection
EndGlobal
